{
    "_readme": [
        "This file locks the dependencies of your project to a known state",
        "Read more about it at https://getcomposer.org/doc/01-basic-usage.md#composer-lock-the-lock-file",
        "This file is @generated automatically"
    ],
    "content-hash": "790076d1b01d57221a67584fc5ae0b83",
    "packages": [
        {
            "name": "ralonzo/vivid",
            "version": "dev-master",
            "source": {
                "type": "git",
                "url": "https://github.com/ryanalonzo/vivid.git",
                "reference": "7e1c5ad5b0c579658a584c722cbfa9cac3d60de6"
            },
            "type": "library",
            "autoload": {
                "classmap": [
                    "src"
                ]
            },
            "authors": [
                {
                    "name": "Ryan Alonzo",
                    "email": "yanalonzo25@yahoo.com"
                }
            ],
            "time": "2017-08-15T04:48:54+00:00"
        }
    ],
    "packages-dev": [],
    "aliases": [],
    "minimum-stability": "stable",
    "stability-flags": {
        "ralonzo/vivid": 20
    },
    "prefer-stable": false,
    "prefer-lowest": false,
    "platform": [],
    "platform-dev": []
}
